// !$*UTF8*$!
{
	archiveVersion = 1;
	classes = {
	};
	objectVersion = 46;
	objects = {

/* Begin PBXBuildFile section */
		710E8A0A18EF19F600A104CA /* STRequest.h in Headers */ = {isa = PBXBuildFile; fileRef = 710E8A0818EF19F600A104CA /* STRequest.h */; };
		710E8A0B18EF19F600A104CA /* STRequest.m in Sources */ = {isa = PBXBuildFile; fileRef = 710E8A0918EF19F600A104CA /* STRequest.m */; };
		710E8A0E18EF1E3400A104CA /* STTransport.h in Headers */ = {isa = PBXBuildFile; fileRef = 710E8A0C18EF1E3400A104CA /* STTransport.h */; };
		710E8A0F18EF1E3400A104CA /* STTransport.m in Sources */ = {isa = PBXBuildFile; fileRef = 710E8A0D18EF1E3400A104CA /* STTransport.m */; };
		7171D86718EC77BF00F469EF /* Cocoa.framework in Frameworks */ = {isa = PBXBuildFile; fileRef = 7171D86618EC77BF00F469EF /* Cocoa.framework */; };
		7171D87118EC77BF00F469EF /* InfoPlist.strings in Resources */ = {isa = PBXBuildFile; fileRef = 7171D86F18EC77BF00F469EF /* InfoPlist.strings */; };
		7171D87518EC77BF00F469EF /* Stretchr.m in Sources */ = {isa = PBXBuildFile; fileRef = 7171D87418EC77BF00F469EF /* Stretchr.m */; };
		7171D87C18EC77BF00F469EF /* XCTest.framework in Frameworks */ = {isa = PBXBuildFile; fileRef = 7171D87B18EC77BF00F469EF /* XCTest.framework */; };
		7171D87D18EC77BF00F469EF /* Cocoa.framework in Frameworks */ = {isa = PBXBuildFile; fileRef = 7171D86618EC77BF00F469EF /* Cocoa.framework */; };
		7171D88018EC77BF00F469EF /* Stretchr.framework in Frameworks */ = {isa = PBXBuildFile; fileRef = 7171D86318EC77BF00F469EF /* Stretchr.framework */; };
		7171D88618EC77BF00F469EF /* InfoPlist.strings in Resources */ = {isa = PBXBuildFile; fileRef = 7171D88418EC77BF00F469EF /* InfoPlist.strings */; };
		71962BE918F44B6200A62D41 /* STNSString+STExtensions.h in Headers */ = {isa = PBXBuildFile; fileRef = 71962BE718F44B6200A62D41 /* STNSString+STExtensions.h */; };
		71962BEA18F44B6200A62D41 /* STNSString+STExtensions.m in Sources */ = {isa = PBXBuildFile; fileRef = 71962BE818F44B6200A62D41 /* STNSString+STExtensions.m */; };
		71962BED18F44C3200A62D41 /* STURLConnection.h in Headers */ = {isa = PBXBuildFile; fileRef = 71962BEB18F44C3200A62D41 /* STURLConnection.h */; };
		71962BEE18F44C3200A62D41 /* STURLConnection.m in Sources */ = {isa = PBXBuildFile; fileRef = 71962BEC18F44C3200A62D41 /* STURLConnection.m */; };
		71962BF018F44E4C00A62D41 /* STRequestTest.m in Sources */ = {isa = PBXBuildFile; fileRef = 71962BEF18F44E4C00A62D41 /* STRequestTest.m */; };
		71EFCE3018EC7E970030A7DC /* STConstants.h in Headers */ = {isa = PBXBuildFile; fileRef = 71EFCE2E18EC7E970030A7DC /* STConstants.h */; };
		71EFCE3118EC7E970030A7DC /* STConstants.m in Sources */ = {isa = PBXBuildFile; fileRef = 71EFCE2F18EC7E970030A7DC /* STConstants.m */; };
		71EFCE3418EC7EC50030A7DC /* STResponse.h in Headers */ = {isa = PBXBuildFile; fileRef = 71EFCE3218EC7EC50030A7DC /* STResponse.h */; };
		71EFCE3518EC7EC50030A7DC /* STResponse.m in Sources */ = {isa = PBXBuildFile; fileRef = 71EFCE3318EC7EC50030A7DC /* STResponse.m */; };
		71EFCE3818EC7ECC0030A7DC /* STResource.h in Headers */ = {isa = PBXBuildFile; fileRef = 71EFCE3618EC7ECC0030A7DC /* STResource.h */; };
		71EFCE3918EC7ECC0030A7DC /* STResource.m in Sources */ = {isa = PBXBuildFile; fileRef = 71EFCE3718EC7ECC0030A7DC /* STResource.m */; };
/* End PBXBuildFile section */

/* Begin PBXContainerItemProxy section */
		7171D87E18EC77BF00F469EF /* PBXContainerItemProxy */ = {
			isa = PBXContainerItemProxy;
			containerPortal = 7171D85A18EC77BF00F469EF /* Project object */;
			proxyType = 1;
			remoteGlobalIDString = 7171D86218EC77BF00F469EF;
			remoteInfo = Stretchr;
		};
/* End PBXContainerItemProxy section */

/* Begin PBXFileReference section */
		710E8A0818EF19F600A104CA /* STRequest.h */ = {isa = PBXFileReference; fileEncoding = 4; lastKnownFileType = sourcecode.c.h; path = STRequest.h; sourceTree = "<group>"; };
		710E8A0918EF19F600A104CA /* STRequest.m */ = {isa = PBXFileReference; fileEncoding = 4; lastKnownFileType = sourcecode.c.objc; path = STRequest.m; sourceTree = "<group>"; };
		710E8A0C18EF1E3400A104CA /* STTransport.h */ = {isa = PBXFileReference; fileEncoding = 4; lastKnownFileType = sourcecode.c.h; path = STTransport.h; sourceTree = "<group>"; };
		710E8A0D18EF1E3400A104CA /* STTransport.m */ = {isa = PBXFileReference; fileEncoding = 4; lastKnownFileType = sourcecode.c.objc; path = STTransport.m; sourceTree = "<group>"; };
		7171D86318EC77BF00F469EF /* Stretchr.framework */ = {isa = PBXFileReference; explicitFileType = wrapper.framework; includeInIndex = 0; path = Stretchr.framework; sourceTree = BUILT_PRODUCTS_DIR; };
		7171D86618EC77BF00F469EF /* Cocoa.framework */ = {isa = PBXFileReference; lastKnownFileType = wrapper.framework; name = Cocoa.framework; path = System/Library/Frameworks/Cocoa.framework; sourceTree = SDKROOT; };
		7171D86918EC77BF00F469EF /* Foundation.framework */ = {isa = PBXFileReference; lastKnownFileType = wrapper.framework; name = Foundation.framework; path = System/Library/Frameworks/Foundation.framework; sourceTree = SDKROOT; };
		7171D86A18EC77BF00F469EF /* CoreData.framework */ = {isa = PBXFileReference; lastKnownFileType = wrapper.framework; name = CoreData.framework; path = System/Library/Frameworks/CoreData.framework; sourceTree = SDKROOT; };
		7171D86B18EC77BF00F469EF /* AppKit.framework */ = {isa = PBXFileReference; lastKnownFileType = wrapper.framework; name = AppKit.framework; path = System/Library/Frameworks/AppKit.framework; sourceTree = SDKROOT; };
		7171D86E18EC77BF00F469EF /* Stretchr-Info.plist */ = {isa = PBXFileReference; lastKnownFileType = text.plist.xml; path = "Stretchr-Info.plist"; sourceTree = "<group>"; };
		7171D87018EC77BF00F469EF /* en */ = {isa = PBXFileReference; lastKnownFileType = text.plist.strings; name = en; path = en.lproj/InfoPlist.strings; sourceTree = "<group>"; };
		7171D87218EC77BF00F469EF /* Stretchr-Prefix.pch */ = {isa = PBXFileReference; lastKnownFileType = sourcecode.c.h; path = "Stretchr-Prefix.pch"; sourceTree = "<group>"; };
		7171D87318EC77BF00F469EF /* Stretchr.h */ = {isa = PBXFileReference; lastKnownFileType = sourcecode.c.h; path = Stretchr.h; sourceTree = "<group>"; };
		7171D87418EC77BF00F469EF /* Stretchr.m */ = {isa = PBXFileReference; lastKnownFileType = sourcecode.c.objc; path = Stretchr.m; sourceTree = "<group>"; };
		7171D87A18EC77BF00F469EF /* StretchrTests.xctest */ = {isa = PBXFileReference; explicitFileType = wrapper.cfbundle; includeInIndex = 0; path = StretchrTests.xctest; sourceTree = BUILT_PRODUCTS_DIR; };
		7171D87B18EC77BF00F469EF /* XCTest.framework */ = {isa = PBXFileReference; lastKnownFileType = wrapper.framework; name = XCTest.framework; path = Library/Frameworks/XCTest.framework; sourceTree = DEVELOPER_DIR; };
		7171D88318EC77BF00F469EF /* StretchrTests-Info.plist */ = {isa = PBXFileReference; lastKnownFileType = text.plist.xml; path = "StretchrTests-Info.plist"; sourceTree = "<group>"; };
		7171D88518EC77BF00F469EF /* en */ = {isa = PBXFileReference; lastKnownFileType = text.plist.strings; name = en; path = en.lproj/InfoPlist.strings; sourceTree = "<group>"; };
		71962BE718F44B6200A62D41 /* STNSString+STExtensions.h */ = {isa = PBXFileReference; fileEncoding = 4; lastKnownFileType = sourcecode.c.h; path = "STNSString+STExtensions.h"; sourceTree = "<group>"; };
		71962BE818F44B6200A62D41 /* STNSString+STExtensions.m */ = {isa = PBXFileReference; fileEncoding = 4; lastKnownFileType = sourcecode.c.objc; path = "STNSString+STExtensions.m"; sourceTree = "<group>"; };
		71962BEB18F44C3200A62D41 /* STURLConnection.h */ = {isa = PBXFileReference; fileEncoding = 4; lastKnownFileType = sourcecode.c.h; path = STURLConnection.h; sourceTree = "<group>"; };
		71962BEC18F44C3200A62D41 /* STURLConnection.m */ = {isa = PBXFileReference; fileEncoding = 4; lastKnownFileType = sourcecode.c.objc; path = STURLConnection.m; sourceTree = "<group>"; };
		71962BEF18F44E4C00A62D41 /* STRequestTest.m */ = {isa = PBXFileReference; fileEncoding = 4; lastKnownFileType = sourcecode.c.objc; path = STRequestTest.m; sourceTree = "<group>"; };
		71EFCE2E18EC7E970030A7DC /* STConstants.h */ = {isa = PBXFileReference; fileEncoding = 4; lastKnownFileType = sourcecode.c.h; path = STConstants.h; sourceTree = "<group>"; };
		71EFCE2F18EC7E970030A7DC /* STConstants.m */ = {isa = PBXFileReference; fileEncoding = 4; lastKnownFileType = sourcecode.c.objc; path = STConstants.m; sourceTree = "<group>"; };
		71EFCE3218EC7EC50030A7DC /* STResponse.h */ = {isa = PBXFileReference; fileEncoding = 4; lastKnownFileType = sourcecode.c.h; path = STResponse.h; sourceTree = "<group>"; };
		71EFCE3318EC7EC50030A7DC /* STResponse.m */ = {isa = PBXFileReference; fileEncoding = 4; lastKnownFileType = sourcecode.c.objc; path = STResponse.m; sourceTree = "<group>"; };
		71EFCE3618EC7ECC0030A7DC /* STResource.h */ = {isa = PBXFileReference; fileEncoding = 4; lastKnownFileType = sourcecode.c.h; path = STResource.h; sourceTree = "<group>"; };
		71EFCE3718EC7ECC0030A7DC /* STResource.m */ = {isa = PBXFileReference; fileEncoding = 4; lastKnownFileType = sourcecode.c.objc; path = STResource.m; sourceTree = "<group>"; };
/* End PBXFileReference section */

/* Begin PBXFrameworksBuildPhase section */
		7171D85F18EC77BF00F469EF /* Frameworks */ = {
			isa = PBXFrameworksBuildPhase;
			buildActionMask = 2147483647;
			files = (
				7171D86718EC77BF00F469EF /* Cocoa.framework in Frameworks */,
			);
			runOnlyForDeploymentPostprocessing = 0;
		};
		7171D87718EC77BF00F469EF /* Frameworks */ = {
			isa = PBXFrameworksBuildPhase;
			buildActionMask = 2147483647;
			files = (
				7171D88018EC77BF00F469EF /* Stretchr.framework in Frameworks */,
				7171D87D18EC77BF00F469EF /* Cocoa.framework in Frameworks */,
				7171D87C18EC77BF00F469EF /* XCTest.framework in Frameworks */,
			);
			runOnlyForDeploymentPostprocessing = 0;
		};
/* End PBXFrameworksBuildPhase section */

/* Begin PBXGroup section */
		710E8A0718EF19CC00A104CA /* Stretchr Communication */ = {
			isa = PBXGroup;
			children = (
				71962BEB18F44C3200A62D41 /* STURLConnection.h */,
				71962BEC18F44C3200A62D41 /* STURLConnection.m */,
				71EFCE3218EC7EC50030A7DC /* STResponse.h */,
				71EFCE3318EC7EC50030A7DC /* STResponse.m */,
				710E8A0818EF19F600A104CA /* STRequest.h */,
				710E8A0918EF19F600A104CA /* STRequest.m */,
				710E8A0C18EF1E3400A104CA /* STTransport.h */,
				710E8A0D18EF1E3400A104CA /* STTransport.m */,
			);
			name = "Stretchr Communication";
			sourceTree = "<group>";
		};
		7171D85918EC77BF00F469EF = {
			isa = PBXGroup;
			children = (
				7171D86C18EC77BF00F469EF /* Stretchr */,
				7171D88118EC77BF00F469EF /* StretchrTests */,
				7171D86518EC77BF00F469EF /* Frameworks */,
				7171D86418EC77BF00F469EF /* Products */,
			);
			sourceTree = "<group>";
		};
		7171D86418EC77BF00F469EF /* Products */ = {
			isa = PBXGroup;
			children = (
				7171D86318EC77BF00F469EF /* Stretchr.framework */,
				7171D87A18EC77BF00F469EF /* StretchrTests.xctest */,
			);
			name = Products;
			sourceTree = "<group>";
		};
		7171D86518EC77BF00F469EF /* Frameworks */ = {
			isa = PBXGroup;
			children = (
				7171D86618EC77BF00F469EF /* Cocoa.framework */,
				7171D87B18EC77BF00F469EF /* XCTest.framework */,
				7171D86818EC77BF00F469EF /* Other Frameworks */,
			);
			name = Frameworks;
			sourceTree = "<group>";
		};
		7171D86818EC77BF00F469EF /* Other Frameworks */ = {
			isa = PBXGroup;
			children = (
				7171D86918EC77BF00F469EF /* Foundation.framework */,
				7171D86A18EC77BF00F469EF /* CoreData.framework */,
				7171D86B18EC77BF00F469EF /* AppKit.framework */,
			);
			name = "Other Frameworks";
			sourceTree = "<group>";
		};
		7171D86C18EC77BF00F469EF /* Stretchr */ = {
			isa = PBXGroup;
			children = (
				71962BE618F44B3800A62D41 /* Extensions */,
				710E8A0718EF19CC00A104CA /* Stretchr Communication */,
				71EFCE2D18EC7E810030A7DC /* Support Files */,
				7171D87318EC77BF00F469EF /* Stretchr.h */,
				7171D87418EC77BF00F469EF /* Stretchr.m */,
				71EFCE3618EC7ECC0030A7DC /* STResource.h */,
				71EFCE3718EC7ECC0030A7DC /* STResource.m */,
				7171D86D18EC77BF00F469EF /* Supporting Files */,
			);
			path = Stretchr;
			sourceTree = "<group>";
		};
		7171D86D18EC77BF00F469EF /* Supporting Files */ = {
			isa = PBXGroup;
			children = (
				7171D86E18EC77BF00F469EF /* Stretchr-Info.plist */,
				7171D86F18EC77BF00F469EF /* InfoPlist.strings */,
				7171D87218EC77BF00F469EF /* Stretchr-Prefix.pch */,
			);
			name = "Supporting Files";
			sourceTree = "<group>";
		};
		7171D88118EC77BF00F469EF /* StretchrTests */ = {
			isa = PBXGroup;
			children = (
				7171D88218EC77BF00F469EF /* Supporting Files */,
				71962BEF18F44E4C00A62D41 /* STRequestTest.m */,
			);
			path = StretchrTests;
			sourceTree = "<group>";
		};
		7171D88218EC77BF00F469EF /* Supporting Files */ = {
			isa = PBXGroup;
			children = (
				7171D88318EC77BF00F469EF /* StretchrTests-Info.plist */,
				7171D88418EC77BF00F469EF /* InfoPlist.strings */,
			);
			name = "Supporting Files";
			sourceTree = "<group>";
		};
		71962BE618F44B3800A62D41 /* Extensions */ = {
			isa = PBXGroup;
			children = (
				71962BE718F44B6200A62D41 /* STNSString+STExtensions.h */,
				71962BE818F44B6200A62D41 /* STNSString+STExtensions.m */,
			);
			name = Extensions;
			sourceTree = "<group>";
		};
		71EFCE2D18EC7E810030A7DC /* Support Files */ = {
			isa = PBXGroup;
			children = (
				71EFCE2E18EC7E970030A7DC /* STConstants.h */,
				71EFCE2F18EC7E970030A7DC /* STConstants.m */,
			);
			name = "Support Files";
			sourceTree = "<group>";
		};
/* End PBXGroup section */

/* Begin PBXHeadersBuildPhase section */
		7171D86018EC77BF00F469EF /* Headers */ = {
			isa = PBXHeadersBuildPhase;
			buildActionMask = 2147483647;
			files = (
				71962BE918F44B6200A62D41 /* STNSString+STExtensions.h in Headers */,
				71962BED18F44C3200A62D41 /* STURLConnection.h in Headers */,
				710E8A0E18EF1E3400A104CA /* STTransport.h in Headers */,
				71EFCE3818EC7ECC0030A7DC /* STResource.h in Headers */,
				710E8A0A18EF19F600A104CA /* STRequest.h in Headers */,
				71EFCE3418EC7EC50030A7DC /* STResponse.h in Headers */,
				71EFCE3018EC7E970030A7DC /* STConstants.h in Headers */,
			);
			runOnlyForDeploymentPostprocessing = 0;
		};
/* End PBXHeadersBuildPhase section */

/* Begin PBXNativeTarget section */
		7171D86218EC77BF00F469EF /* Stretchr */ = {
			isa = PBXNativeTarget;
			buildConfigurationList = 7171D88B18EC77BF00F469EF /* Build configuration list for PBXNativeTarget "Stretchr" */;
			buildPhases = (
				7171D85E18EC77BF00F469EF /* Sources */,
				7171D85F18EC77BF00F469EF /* Frameworks */,
				7171D86018EC77BF00F469EF /* Headers */,
				7171D86118EC77BF00F469EF /* Resources */,
			);
			buildRules = (
			);
			dependencies = (
			);
			name = Stretchr;
			productName = Stretchr;
			productReference = 7171D86318EC77BF00F469EF /* Stretchr.framework */;
			productType = "com.apple.product-type.framework";
		};
		7171D87918EC77BF00F469EF /* StretchrTests */ = {
			isa = PBXNativeTarget;
			buildConfigurationList = 7171D88E18EC77BF00F469EF /* Build configuration list for PBXNativeTarget "StretchrTests" */;
			buildPhases = (
				7171D87618EC77BF00F469EF /* Sources */,
				7171D87718EC77BF00F469EF /* Frameworks */,
				7171D87818EC77BF00F469EF /* Resources */,
			);
			buildRules = (
			);
			dependencies = (
				7171D87F18EC77BF00F469EF /* PBXTargetDependency */,
			);
			name = StretchrTests;
			productName = StretchrTests;
			productReference = 7171D87A18EC77BF00F469EF /* StretchrTests.xctest */;
			productType = "com.apple.product-type.bundle.unit-test";
		};
/* End PBXNativeTarget section */

/* Begin PBXProject section */
		7171D85A18EC77BF00F469EF /* Project object */ = {
			isa = PBXProject;
			attributes = {
				LastUpgradeCheck = 0510;
				ORGANIZATIONNAME = "Stretchr, Inc";
				TargetAttributes = {
					7171D87918EC77BF00F469EF = {
						TestTargetID = 7171D86218EC77BF00F469EF;
					};
				};
			};
			buildConfigurationList = 7171D85D18EC77BF00F469EF /* Build configuration list for PBXProject "Stretchr" */;
			compatibilityVersion = "Xcode 3.2";
			developmentRegion = English;
			hasScannedForEncodings = 0;
			knownRegions = (
				en,
			);
			mainGroup = 7171D85918EC77BF00F469EF;
			productRefGroup = 7171D86418EC77BF00F469EF /* Products */;
			projectDirPath = "";
			projectRoot = "";
			targets = (
				7171D86218EC77BF00F469EF /* Stretchr */,
				7171D87918EC77BF00F469EF /* StretchrTests */,
			);
		};
/* End PBXProject section */

/* Begin PBXResourcesBuildPhase section */
		7171D86118EC77BF00F469EF /* Resources */ = {
			isa = PBXResourcesBuildPhase;
			buildActionMask = 2147483647;
			files = (
				7171D87118EC77BF00F469EF /* InfoPlist.strings in Resources */,
			);
			runOnlyForDeploymentPostprocessing = 0;
		};
		7171D87818EC77BF00F469EF /* Resources */ = {
			isa = PBXResourcesBuildPhase;
			buildActionMask = 2147483647;
			files = (
				7171D88618EC77BF00F469EF /* InfoPlist.strings in Resources */,
			);
			runOnlyForDeploymentPostprocessing = 0;
		};
/* End PBXResourcesBuildPhase section */

/* Begin PBXSourcesBuildPhase section */
		7171D85E18EC77BF00F469EF /* Sources */ = {
			isa = PBXSourcesBuildPhase;
			buildActionMask = 2147483647;
			files = (
				71EFCE3118EC7E970030A7DC /* STConstants.m in Sources */,
				7171D87518EC77BF00F469EF /* Stretchr.m in Sources */,
				71962BEA18F44B6200A62D41 /* STNSString+STExtensions.m in Sources */,
				710E8A0F18EF1E3400A104CA /* STTransport.m in Sources */,
				710E8A0B18EF19F600A104CA /* STRequest.m in Sources */,
				71EFCE3918EC7ECC0030A7DC /* STResource.m in Sources */,
				71962BEE18F44C3200A62D41 /* STURLConnection.m in Sources */,
				71EFCE3518EC7EC50030A7DC /* STResponse.m in Sources */,
			);
			runOnlyForDeploymentPostprocessing = 0;
		};
		7171D87618EC77BF00F469EF /* Sources */ = {
			isa = PBXSourcesBuildPhase;
			buildActionMask = 2147483647;
			files = (
				71962BF018F44E4C00A62D41 /* STRequestTest.m in Sources */,
			);
			runOnlyForDeploymentPostprocessing = 0;
		};
/* End PBXSourcesBuildPhase section */

/* Begin PBXTargetDependency section */
		7171D87F18EC77BF00F469EF /* PBXTargetDependency */ = {
			isa = PBXTargetDependency;
			target = 7171D86218EC77BF00F469EF /* Stretchr */;
			targetProxy = 7171D87E18EC77BF00F469EF /* PBXContainerItemProxy */;
		};
/* End PBXTargetDependency section */

/* Begin PBXVariantGroup section */
		7171D86F18EC77BF00F469EF /* InfoPlist.strings */ = {
			isa = PBXVariantGroup;
			children = (
				7171D87018EC77BF00F469EF /* en */,
			);
			name = InfoPlist.strings;
			sourceTree = "<group>";
		};
		7171D88418EC77BF00F469EF /* InfoPlist.strings */ = {
			isa = PBXVariantGroup;
			children = (
				7171D88518EC77BF00F469EF /* en */,
			);
			name = InfoPlist.strings;
			sourceTree = "<group>";
		};
/* End PBXVariantGroup section */

/* Begin XCBuildConfiguration section */
		7171D88918EC77BF00F469EF /* Debug */ = {
			isa = XCBuildConfiguration;
			buildSettings = {
				ALWAYS_SEARCH_USER_PATHS = NO;
				CLANG_CXX_LANGUAGE_STANDARD = "gnu++0x";
				CLANG_CXX_LIBRARY = "libc++";
				CLANG_ENABLE_MODULES = YES;
				CLANG_ENABLE_OBJC_ARC = YES;
				CLANG_WARN_BOOL_CONVERSION = YES;
				CLANG_WARN_CONSTANT_CONVERSION = YES;
				CLANG_WARN_DIRECT_OBJC_ISA_USAGE = YES_ERROR;
				CLANG_WARN_EMPTY_BODY = YES;
				CLANG_WARN_ENUM_CONVERSION = YES;
				CLANG_WARN_INT_CONVERSION = YES;
				CLANG_WARN_OBJC_ROOT_CLASS = YES_ERROR;
				CLANG_WARN__DUPLICATE_METHOD_MATCH = YES;
				COPY_PHASE_STRIP = NO;
				GCC_C_LANGUAGE_STANDARD = gnu99;
				GCC_DYNAMIC_NO_PIC = NO;
				GCC_ENABLE_OBJC_EXCEPTIONS = YES;
				GCC_OPTIMIZATION_LEVEL = 0;
				GCC_PREPROCESSOR_DEFINITIONS = (
					"DEBUG=1",
					"$(inherited)",
				);
				GCC_SYMBOLS_PRIVATE_EXTERN = NO;
				GCC_WARN_64_TO_32_BIT_CONVERSION = YES;
				GCC_WARN_ABOUT_RETURN_TYPE = YES_ERROR;
				GCC_WARN_UNDECLARED_SELECTOR = YES;
				GCC_WARN_UNINITIALIZED_AUTOS = YES_AGGRESSIVE;
				GCC_WARN_UNUSED_FUNCTION = YES;
				GCC_WARN_UNUSED_VARIABLE = YES;
				MACOSX_DEPLOYMENT_TARGET = 10.9;
				ONLY_ACTIVE_ARCH = YES;
				SDKROOT = macosx;
			};
			name = Debug;
		};
		7171D88A18EC77BF00F469EF /* Release */ = {
			isa = XCBuildConfiguration;
			buildSettings = {
				ALWAYS_SEARCH_USER_PATHS = NO;
				CLANG_CXX_LANGUAGE_STANDARD = "gnu++0x";
				CLANG_CXX_LIBRARY = "libc++";
				CLANG_ENABLE_MODULES = YES;
				CLANG_ENABLE_OBJC_ARC = YES;
				CLANG_WARN_BOOL_CONVERSION = YES;
				CLANG_WARN_CONSTANT_CONVERSION = YES;
				CLANG_WARN_DIRECT_OBJC_ISA_USAGE = YES_ERROR;
				CLANG_WARN_EMPTY_BODY = YES;
				CLANG_WARN_ENUM_CONVERSION = YES;
				CLANG_WARN_INT_CONVERSION = YES;
				CLANG_WARN_OBJC_ROOT_CLASS = YES_ERROR;
				CLANG_WARN__DUPLICATE_METHOD_MATCH = YES;
				COPY_PHASE_STRIP = YES;
				DEBUG_INFORMATION_FORMAT = "dwarf-with-dsym";
				ENABLE_NS_ASSERTIONS = NO;
				GCC_C_LANGUAGE_STANDARD = gnu99;
				GCC_ENABLE_OBJC_EXCEPTIONS = YES;
				GCC_WARN_64_TO_32_BIT_CONVERSION = YES;
				GCC_WARN_ABOUT_RETURN_TYPE = YES_ERROR;
				GCC_WARN_UNDECLARED_SELECTOR = YES;
				GCC_WARN_UNINITIALIZED_AUTOS = YES_AGGRESSIVE;
				GCC_WARN_UNUSED_FUNCTION = YES;
				GCC_WARN_UNUSED_VARIABLE = YES;
				MACOSX_DEPLOYMENT_TARGET = 10.9;
				SDKROOT = macosx;
			};
			name = Release;
		};
		7171D88C18EC77BF00F469EF /* Debug */ = {
			isa = XCBuildConfiguration;
			buildSettings = {
				COMBINE_HIDPI_IMAGES = YES;
				DYLIB_COMPATIBILITY_VERSION = 1;
				DYLIB_CURRENT_VERSION = 1;
				FRAMEWORK_VERSION = A;
				GCC_PRECOMPILE_PREFIX_HEADER = YES;
				GCC_PREFIX_HEADER = "Stretchr/Stretchr-Prefix.pch";
				INFOPLIST_FILE = "Stretchr/Stretchr-Info.plist";
				PRODUCT_NAME = "$(TARGET_NAME)";
				WRAPPER_EXTENSION = framework;
			};
			name = Debug;
		};
		7171D88D18EC77BF00F469EF /* Release */ = {
			isa = XCBuildConfiguration;
			buildSettings = {
				COMBINE_HIDPI_IMAGES = YES;
				DYLIB_COMPATIBILITY_VERSION = 1;
				DYLIB_CURRENT_VERSION = 1;
				FRAMEWORK_VERSION = A;
				GCC_PRECOMPILE_PREFIX_HEADER = YES;
				GCC_PREFIX_HEADER = "Stretchr/Stretchr-Prefix.pch";
				INFOPLIST_FILE = "Stretchr/Stretchr-Info.plist";
				PRODUCT_NAME = "$(TARGET_NAME)";
				WRAPPER_EXTENSION = framework;
			};
			name = Release;
		};
		7171D88F18EC77BF00F469EF /* Debug */ = {
			isa = XCBuildConfiguration;
			buildSettings = {
				BUNDLE_LOADER = "$(BUILT_PRODUCTS_DIR)/Stretchr.framework/Versions/A/Stretchr";
				COMBINE_HIDPI_IMAGES = YES;
				FRAMEWORK_SEARCH_PATHS = (
					"$(DEVELOPER_FRAMEWORKS_DIR)",
					"$(inherited)",
				);
				GCC_PRECOMPILE_PREFIX_HEADER = YES;
				GCC_PREFIX_HEADER = "Stretchr/Stretchr-Prefix.pch";
				GCC_PREPROCESSOR_DEFINITIONS = (
					"DEBUG=1",
					"$(inherited)",
				);
				INFOPLIST_FILE = "StretchrTests/StretchrTests-Info.plist";
				PRODUCT_NAME = "$(TARGET_NAME)";
				TEST_HOST = "$(BUNDLE_LOADER)";
				WRAPPER_EXTENSION = xctest;
			};
			name = Debug;
		};
		7171D89018EC77BF00F469EF /* Release */ = {
			isa = XCBuildConfiguration;
			buildSettings = {
				BUNDLE_LOADER = "$(BUILT_PRODUCTS_DIR)/Stretchr.framework/Versions/A/Stretchr";
				COMBINE_HIDPI_IMAGES = YES;
				FRAMEWORK_SEARCH_PATHS = (
					"$(DEVELOPER_FRAMEWORKS_DIR)",
					"$(inherited)",
				);
				GCC_PRECOMPILE_PREFIX_HEADER = YES;
				GCC_PREFIX_HEADER = "Stretchr/Stretchr-Prefix.pch";
				INFOPLIST_FILE = "StretchrTests/StretchrTests-Info.plist";
				PRODUCT_NAME = "$(TARGET_NAME)";
				TEST_HOST = "$(BUNDLE_LOADER)";
				WRAPPER_EXTENSION = xctest;
			};
			name = Release;
		};
/* End XCBuildConfiguration section */

/* Begin XCConfigurationList section */
		7171D85D18EC77BF00F469EF /* Build configuration list for PBXProject "Stretchr" */ = {
			isa = XCConfigurationList;
			buildConfigurations = (
				7171D88918EC77BF00F469EF /* Debug */,
				7171D88A18EC77BF00F469EF /* Release */,
			);
			defaultConfigurationIsVisible = 0;
			defaultConfigurationName = Release;
		};
		7171D88B18EC77BF00F469EF /* Build configuration list for PBXNativeTarget "Stretchr" */ = {
			isa = XCConfigurationList;
			buildConfigurations = (
				7171D88C18EC77BF00F469EF /* Debug */,
				7171D88D18EC77BF00F469EF /* Release */,
			);
			defaultConfigurationIsVisible = 0;
			defaultConfigurationName = Release;
		};
		7171D88E18EC77BF00F469EF /* Build configuration list for PBXNativeTarget "StretchrTests" */ = {
			isa = XCConfigurationList;
			buildConfigurations = (
				7171D88F18EC77BF00F469EF /* Debug */,
				7171D89018EC77BF00F469EF /* Release */,
			);
			defaultConfigurationIsVisible = 0;
			defaultConfigurationName = Release;
		};
/* End XCConfigurationList section */
	};
	rootObject = 7171D85A18EC77BF00F469EF /* Project object */;
}
