// !$*UTF8*$!
{
	archiveVersion = 1;
	classes = {
	};
	objectVersion = 46;
	objects = {

/* Begin PBXBuildFile section */
		0509D790188C9BCD00CFE982 /* STWebTransportTest.m in Sources */ = {isa = PBXBuildFile; fileRef = 0509D78F188C9BCD00CFE982 /* STWebTransportTest.m */; };
		056A39DD18907BE0001473B7 /* STErrors.m in Sources */ = {isa = PBXBuildFile; fileRef = 056A39DC18907BE0001473B7 /* STErrors.m */; };
		056A39DF1890BF01001473B7 /* STErrors.m in Sources */ = {isa = PBXBuildFile; fileRef = 056A39DE1890BF01001473B7 /* STErrors.m */; };
		059F189C1888D24C003D823D /* STResponseTest.m in Sources */ = {isa = PBXBuildFile; fileRef = 059F189B1888D24C003D823D /* STResponseTest.m */; };
		05FBBE6E188C63BB00B53E63 /* STResourceCollection.h in Headers */ = {isa = PBXBuildFile; fileRef = 05FBBE6C188C63BB00B53E63 /* STResourceCollection.h */; };
		05FBBE6F188C63BB00B53E63 /* STResourceCollection.m in Sources */ = {isa = PBXBuildFile; fileRef = 05FBBE6D188C63BB00B53E63 /* STResourceCollection.m */; };
		05FBBE71188C665100B53E63 /* STResourceCollectionTest.m in Sources */ = {isa = PBXBuildFile; fileRef = 05FBBE70188C665100B53E63 /* STResourceCollectionTest.m */; };
		710C52881888539F00EFDC88 /* STConstants.h in Headers */ = {isa = PBXBuildFile; fileRef = 710C52861888539F00EFDC88 /* STConstants.h */; };
		710C52891888539F00EFDC88 /* STConstants.m in Sources */ = {isa = PBXBuildFile; fileRef = 710C52871888539F00EFDC88 /* STConstants.m */; };
		710C528D188857F100EFDC88 /* STRequest.h in Headers */ = {isa = PBXBuildFile; fileRef = 710C528B188857F100EFDC88 /* STRequest.h */; };
		710C528E188857F100EFDC88 /* STRequest.m in Sources */ = {isa = PBXBuildFile; fileRef = 710C528C188857F100EFDC88 /* STRequest.m */; };
		710C52901888582200EFDC88 /* STRequestTest.m in Sources */ = {isa = PBXBuildFile; fileRef = 710C528F1888582200EFDC88 /* STRequestTest.m */; };
		710C529418885B6700EFDC88 /* STResponse.h in Headers */ = {isa = PBXBuildFile; fileRef = 710C529218885B6700EFDC88 /* STResponse.h */; };
		710C529518885B6700EFDC88 /* STResponse.m in Sources */ = {isa = PBXBuildFile; fileRef = 710C529318885B6700EFDC88 /* STResponse.m */; };
		710C529818885C4E00EFDC88 /* STWebTransport.h in Headers */ = {isa = PBXBuildFile; fileRef = 710C529618885C4E00EFDC88 /* STWebTransport.h */; };
		710C529918885C4E00EFDC88 /* STWebTransport.m in Sources */ = {isa = PBXBuildFile; fileRef = 710C529718885C4E00EFDC88 /* STWebTransport.m */; };
		710C52A118886F2400EFDC88 /* STNSString+STExtensions.h in Headers */ = {isa = PBXBuildFile; fileRef = 710C529F18886F2400EFDC88 /* STNSString+STExtensions.h */; };
		710C52A218886F2400EFDC88 /* STNSString+STExtensions.m in Sources */ = {isa = PBXBuildFile; fileRef = 710C52A018886F2400EFDC88 /* STNSString+STExtensions.m */; };
		710C52A51888B4AC00EFDC88 /* TestObject.m in Sources */ = {isa = PBXBuildFile; fileRef = 710C52A41888B4AC00EFDC88 /* TestObject.m */; };
		710C52A81888C15800EFDC88 /* STNSDictionary+STExtensions.h in Headers */ = {isa = PBXBuildFile; fileRef = 710C52A61888C15800EFDC88 /* STNSDictionary+STExtensions.h */; };
		710C52A91888C15800EFDC88 /* STNSDictionary+STExtensions.m in Sources */ = {isa = PBXBuildFile; fileRef = 710C52A71888C15800EFDC88 /* STNSDictionary+STExtensions.m */; };
		710C52AC1888C18900EFDC88 /* NSDictionary+STExtensionsTest.m in Sources */ = {isa = PBXBuildFile; fileRef = 710C52AB1888C18900EFDC88 /* NSDictionary+STExtensionsTest.m */; };
		710C52B01888C8D200EFDC88 /* STTestTransport.m in Sources */ = {isa = PBXBuildFile; fileRef = 710C52AF1888C8D200EFDC88 /* STTestTransport.m */; };
		710C52B41888C9A600EFDC88 /* NSMutableArray+Queue.m in Sources */ = {isa = PBXBuildFile; fileRef = 710C52B31888C9A600EFDC88 /* NSMutableArray+Queue.m */; };
		712B3E4F1889F15800D8AD30 /* STNSError+STExtensions.h in Headers */ = {isa = PBXBuildFile; fileRef = 712B3E4D1889F15800D8AD30 /* STNSError+STExtensions.h */; };
		712B3E501889F15800D8AD30 /* STNSError+STExtensions.m in Sources */ = {isa = PBXBuildFile; fileRef = 712B3E4E1889F15800D8AD30 /* STNSError+STExtensions.m */; };
		7161182E18884E66004DD5AB /* Cocoa.framework in Frameworks */ = {isa = PBXBuildFile; fileRef = 7161182D18884E66004DD5AB /* Cocoa.framework */; };
		7161183818884E66004DD5AB /* InfoPlist.strings in Resources */ = {isa = PBXBuildFile; fileRef = 7161183618884E66004DD5AB /* InfoPlist.strings */; };
		7161183C18884E66004DD5AB /* Stretchr.m in Sources */ = {isa = PBXBuildFile; fileRef = 7161183B18884E66004DD5AB /* Stretchr.m */; };
		7161184318884E66004DD5AB /* XCTest.framework in Frameworks */ = {isa = PBXBuildFile; fileRef = 7161184218884E66004DD5AB /* XCTest.framework */; };
		7161184418884E66004DD5AB /* Cocoa.framework in Frameworks */ = {isa = PBXBuildFile; fileRef = 7161182D18884E66004DD5AB /* Cocoa.framework */; };
		7161184718884E66004DD5AB /* Stretchr.framework in Frameworks */ = {isa = PBXBuildFile; fileRef = 7161182A18884E66004DD5AB /* Stretchr.framework */; };
		7161184D18884E66004DD5AB /* InfoPlist.strings in Resources */ = {isa = PBXBuildFile; fileRef = 7161184B18884E66004DD5AB /* InfoPlist.strings */; };
		716118591888504B004DD5AB /* STClientTest.m in Sources */ = {isa = PBXBuildFile; fileRef = 716118581888504B004DD5AB /* STClientTest.m */; };
		7161185C188850F2004DD5AB /* STClient.h in Headers */ = {isa = PBXBuildFile; fileRef = 7161185A188850F2004DD5AB /* STClient.h */; };
		7161185D188850F2004DD5AB /* STClient.m in Sources */ = {isa = PBXBuildFile; fileRef = 7161185B188850F2004DD5AB /* STClient.m */; };
		71735CEE188DE9C2008CB90C /* STNSData+STExtensions.h in Headers */ = {isa = PBXBuildFile; fileRef = 71735CEC188DE9C2008CB90C /* STNSData+STExtensions.h */; };
		71735CEF188DE9C2008CB90C /* STNSData+STExtensions.m in Sources */ = {isa = PBXBuildFile; fileRef = 71735CED188DE9C2008CB90C /* STNSData+STExtensions.m */; };
		71735CF3188E0013008CB90C /* STURLConnection.h in Headers */ = {isa = PBXBuildFile; fileRef = 71735CF1188E0013008CB90C /* STURLConnection.h */; };
		71735CF4188E0013008CB90C /* STURLConnection.m in Sources */ = {isa = PBXBuildFile; fileRef = 71735CF2188E0013008CB90C /* STURLConnection.m */; };
		71CACC171889A97A005F107F /* STChangeInfo.h in Headers */ = {isa = PBXBuildFile; fileRef = 71CACC151889A97A005F107F /* STChangeInfo.h */; };
		71CACC181889A97A005F107F /* STChangeInfo.m in Sources */ = {isa = PBXBuildFile; fileRef = 71CACC161889A97A005F107F /* STChangeInfo.m */; };
		71CACC1A1889AA6F005F107F /* STChangeInfoTest.m in Sources */ = {isa = PBXBuildFile; fileRef = 71CACC191889AA6F005F107F /* STChangeInfoTest.m */; };
		71DFCE57188993E4006604FD /* STResource.h in Headers */ = {isa = PBXBuildFile; fileRef = 71DFCE55188993E4006604FD /* STResource.h */; };
		71DFCE58188993E4006604FD /* STResource.m in Sources */ = {isa = PBXBuildFile; fileRef = 71DFCE56188993E4006604FD /* STResource.m */; };
		71DFCE5A18899559006604FD /* STResourceTest.m in Sources */ = {isa = PBXBuildFile; fileRef = 71DFCE5918899559006604FD /* STResourceTest.m */; };
		A1D37D0416AB4D059E434F9A /* libPods-StretchrTests.a in Frameworks */ = {isa = PBXBuildFile; fileRef = 4C1466D74A4645D891D9FC87 /* libPods-StretchrTests.a */; };
		F3882DA29E7949E8894D121C /* libPods-Stretchr.a in Frameworks */ = {isa = PBXBuildFile; fileRef = 42513373CEF94940B0C6EFA0 /* libPods-Stretchr.a */; };
/* End PBXBuildFile section */

/* Begin PBXContainerItemProxy section */
		7161184518884E66004DD5AB /* PBXContainerItemProxy */ = {
			isa = PBXContainerItemProxy;
			containerPortal = 7161182118884E66004DD5AB /* Project object */;
			proxyType = 1;
			remoteGlobalIDString = 7161182918884E66004DD5AB;
			remoteInfo = Stretchr;
		};
/* End PBXContainerItemProxy section */

/* Begin PBXFileReference section */
		0509D78F188C9BCD00CFE982 /* STWebTransportTest.m */ = {isa = PBXFileReference; fileEncoding = 4; lastKnownFileType = sourcecode.c.objc; path = STWebTransportTest.m; sourceTree = "<group>"; };
		056A39DB189077D0001473B7 /* STErrors.h */ = {isa = PBXFileReference; lastKnownFileType = sourcecode.c.h; path = STErrors.h; sourceTree = "<group>"; };
		056A39DC18907BE0001473B7 /* STErrors.m */ = {isa = PBXFileReference; fileEncoding = 4; lastKnownFileType = sourcecode.c.objc; path = STErrors.m; sourceTree = "<group>"; };
		056A39DE1890BF01001473B7 /* STErrors.m */ = {isa = PBXFileReference; fileEncoding = 4; lastKnownFileType = sourcecode.c.objc; path = STErrors.m; sourceTree = "<group>"; };
		059F189B1888D24C003D823D /* STResponseTest.m */ = {isa = PBXFileReference; fileEncoding = 4; lastKnownFileType = sourcecode.c.objc; path = STResponseTest.m; sourceTree = "<group>"; };
		05FBBE6C188C63BB00B53E63 /* STResourceCollection.h */ = {isa = PBXFileReference; fileEncoding = 4; lastKnownFileType = sourcecode.c.h; path = STResourceCollection.h; sourceTree = "<group>"; };
		05FBBE6D188C63BB00B53E63 /* STResourceCollection.m */ = {isa = PBXFileReference; fileEncoding = 4; lastKnownFileType = sourcecode.c.objc; path = STResourceCollection.m; sourceTree = "<group>"; };
		05FBBE70188C665100B53E63 /* STResourceCollectionTest.m */ = {isa = PBXFileReference; fileEncoding = 4; lastKnownFileType = sourcecode.c.objc; path = STResourceCollectionTest.m; sourceTree = "<group>"; };
		10F9767320B44AE79EB0C60B /* Pods-Stretchr.xcconfig */ = {isa = PBXFileReference; includeInIndex = 1; lastKnownFileType = text.xcconfig; name = "Pods-Stretchr.xcconfig"; path = "Pods/Pods-Stretchr.xcconfig"; sourceTree = "<group>"; };
		42513373CEF94940B0C6EFA0 /* libPods-Stretchr.a */ = {isa = PBXFileReference; explicitFileType = archive.ar; includeInIndex = 0; path = "libPods-Stretchr.a"; sourceTree = BUILT_PRODUCTS_DIR; };
		4C1466D74A4645D891D9FC87 /* libPods-StretchrTests.a */ = {isa = PBXFileReference; explicitFileType = archive.ar; includeInIndex = 0; path = "libPods-StretchrTests.a"; sourceTree = BUILT_PRODUCTS_DIR; };
		710C52861888539F00EFDC88 /* STConstants.h */ = {isa = PBXFileReference; fileEncoding = 4; lastKnownFileType = sourcecode.c.h; path = STConstants.h; sourceTree = "<group>"; };
		710C52871888539F00EFDC88 /* STConstants.m */ = {isa = PBXFileReference; fileEncoding = 4; lastKnownFileType = sourcecode.c.objc; path = STConstants.m; sourceTree = "<group>"; };
		710C528B188857F100EFDC88 /* STRequest.h */ = {isa = PBXFileReference; fileEncoding = 4; lastKnownFileType = sourcecode.c.h; path = STRequest.h; sourceTree = "<group>"; };
		710C528C188857F100EFDC88 /* STRequest.m */ = {isa = PBXFileReference; fileEncoding = 4; lastKnownFileType = sourcecode.c.objc; path = STRequest.m; sourceTree = "<group>"; };
		710C528F1888582200EFDC88 /* STRequestTest.m */ = {isa = PBXFileReference; fileEncoding = 4; lastKnownFileType = sourcecode.c.objc; path = STRequestTest.m; sourceTree = "<group>"; };
		710C529118885A7600EFDC88 /* STTransportProtocol.h */ = {isa = PBXFileReference; lastKnownFileType = sourcecode.c.h; path = STTransportProtocol.h; sourceTree = "<group>"; };
		710C529218885B6700EFDC88 /* STResponse.h */ = {isa = PBXFileReference; fileEncoding = 4; lastKnownFileType = sourcecode.c.h; path = STResponse.h; sourceTree = "<group>"; };
		710C529318885B6700EFDC88 /* STResponse.m */ = {isa = PBXFileReference; fileEncoding = 4; lastKnownFileType = sourcecode.c.objc; path = STResponse.m; sourceTree = "<group>"; };
		710C529618885C4E00EFDC88 /* STWebTransport.h */ = {isa = PBXFileReference; fileEncoding = 4; lastKnownFileType = sourcecode.c.h; path = STWebTransport.h; sourceTree = "<group>"; };
		710C529718885C4E00EFDC88 /* STWebTransport.m */ = {isa = PBXFileReference; fileEncoding = 4; lastKnownFileType = sourcecode.c.objc; path = STWebTransport.m; sourceTree = "<group>"; };
		710C529F18886F2400EFDC88 /* STNSString+STExtensions.h */ = {isa = PBXFileReference; fileEncoding = 4; lastKnownFileType = sourcecode.c.h; path = "STNSString+STExtensions.h"; sourceTree = "<group>"; };
		710C52A018886F2400EFDC88 /* STNSString+STExtensions.m */ = {isa = PBXFileReference; fileEncoding = 4; lastKnownFileType = sourcecode.c.objc; path = "STNSString+STExtensions.m"; sourceTree = "<group>"; };
		710C52A31888B4AC00EFDC88 /* TestObject.h */ = {isa = PBXFileReference; fileEncoding = 4; lastKnownFileType = sourcecode.c.h; path = TestObject.h; sourceTree = "<group>"; };
		710C52A41888B4AC00EFDC88 /* TestObject.m */ = {isa = PBXFileReference; fileEncoding = 4; lastKnownFileType = sourcecode.c.objc; path = TestObject.m; sourceTree = "<group>"; };
		710C52A61888C15800EFDC88 /* STNSDictionary+STExtensions.h */ = {isa = PBXFileReference; fileEncoding = 4; lastKnownFileType = sourcecode.c.h; path = "STNSDictionary+STExtensions.h"; sourceTree = "<group>"; };
		710C52A71888C15800EFDC88 /* STNSDictionary+STExtensions.m */ = {isa = PBXFileReference; fileEncoding = 4; lastKnownFileType = sourcecode.c.objc; path = "STNSDictionary+STExtensions.m"; sourceTree = "<group>"; };
		710C52AB1888C18900EFDC88 /* NSDictionary+STExtensionsTest.m */ = {isa = PBXFileReference; fileEncoding = 4; lastKnownFileType = sourcecode.c.objc; path = "NSDictionary+STExtensionsTest.m"; sourceTree = "<group>"; };
		710C52AE1888C8D200EFDC88 /* STTestTransport.h */ = {isa = PBXFileReference; fileEncoding = 4; lastKnownFileType = sourcecode.c.h; path = STTestTransport.h; sourceTree = "<group>"; };
		710C52AF1888C8D200EFDC88 /* STTestTransport.m */ = {isa = PBXFileReference; fileEncoding = 4; lastKnownFileType = sourcecode.c.objc; path = STTestTransport.m; sourceTree = "<group>"; };
		710C52B21888C9A600EFDC88 /* NSMutableArray+Queue.h */ = {isa = PBXFileReference; fileEncoding = 4; lastKnownFileType = sourcecode.c.h; path = "NSMutableArray+Queue.h"; sourceTree = "<group>"; };
		710C52B31888C9A600EFDC88 /* NSMutableArray+Queue.m */ = {isa = PBXFileReference; fileEncoding = 4; lastKnownFileType = sourcecode.c.objc; path = "NSMutableArray+Queue.m"; sourceTree = "<group>"; };
		712B3E4D1889F15800D8AD30 /* STNSError+STExtensions.h */ = {isa = PBXFileReference; fileEncoding = 4; lastKnownFileType = sourcecode.c.h; path = "STNSError+STExtensions.h"; sourceTree = "<group>"; };
		712B3E4E1889F15800D8AD30 /* STNSError+STExtensions.m */ = {isa = PBXFileReference; fileEncoding = 4; lastKnownFileType = sourcecode.c.objc; path = "STNSError+STExtensions.m"; sourceTree = "<group>"; };
		7161182A18884E66004DD5AB /* Stretchr.framework */ = {isa = PBXFileReference; explicitFileType = wrapper.framework; includeInIndex = 0; path = Stretchr.framework; sourceTree = BUILT_PRODUCTS_DIR; };
		7161182D18884E66004DD5AB /* Cocoa.framework */ = {isa = PBXFileReference; lastKnownFileType = wrapper.framework; name = Cocoa.framework; path = System/Library/Frameworks/Cocoa.framework; sourceTree = SDKROOT; };
		7161183018884E66004DD5AB /* Foundation.framework */ = {isa = PBXFileReference; lastKnownFileType = wrapper.framework; name = Foundation.framework; path = System/Library/Frameworks/Foundation.framework; sourceTree = SDKROOT; };
		7161183118884E66004DD5AB /* CoreData.framework */ = {isa = PBXFileReference; lastKnownFileType = wrapper.framework; name = CoreData.framework; path = System/Library/Frameworks/CoreData.framework; sourceTree = SDKROOT; };
		7161183218884E66004DD5AB /* AppKit.framework */ = {isa = PBXFileReference; lastKnownFileType = wrapper.framework; name = AppKit.framework; path = System/Library/Frameworks/AppKit.framework; sourceTree = SDKROOT; };
		7161183518884E66004DD5AB /* Stretchr-Info.plist */ = {isa = PBXFileReference; lastKnownFileType = text.plist.xml; path = "Stretchr-Info.plist"; sourceTree = "<group>"; };
		7161183718884E66004DD5AB /* en */ = {isa = PBXFileReference; lastKnownFileType = text.plist.strings; name = en; path = en.lproj/InfoPlist.strings; sourceTree = "<group>"; };
		7161183918884E66004DD5AB /* Stretchr-Prefix.pch */ = {isa = PBXFileReference; lastKnownFileType = sourcecode.c.h; path = "Stretchr-Prefix.pch"; sourceTree = "<group>"; };
		7161183A18884E66004DD5AB /* Stretchr.h */ = {isa = PBXFileReference; lastKnownFileType = sourcecode.c.h; path = Stretchr.h; sourceTree = "<group>"; };
		7161183B18884E66004DD5AB /* Stretchr.m */ = {isa = PBXFileReference; lastKnownFileType = sourcecode.c.objc; path = Stretchr.m; sourceTree = "<group>"; };
		7161184118884E66004DD5AB /* StretchrTests.xctest */ = {isa = PBXFileReference; explicitFileType = wrapper.cfbundle; includeInIndex = 0; path = StretchrTests.xctest; sourceTree = BUILT_PRODUCTS_DIR; };
		7161184218884E66004DD5AB /* XCTest.framework */ = {isa = PBXFileReference; lastKnownFileType = wrapper.framework; name = XCTest.framework; path = Library/Frameworks/XCTest.framework; sourceTree = DEVELOPER_DIR; };
		7161184A18884E66004DD5AB /* StretchrTests-Info.plist */ = {isa = PBXFileReference; lastKnownFileType = text.plist.xml; path = "StretchrTests-Info.plist"; sourceTree = "<group>"; };
		7161184C18884E66004DD5AB /* en */ = {isa = PBXFileReference; lastKnownFileType = text.plist.strings; name = en; path = en.lproj/InfoPlist.strings; sourceTree = "<group>"; };
		716118581888504B004DD5AB /* STClientTest.m */ = {isa = PBXFileReference; fileEncoding = 4; lastKnownFileType = sourcecode.c.objc; path = STClientTest.m; sourceTree = "<group>"; };
		7161185A188850F2004DD5AB /* STClient.h */ = {isa = PBXFileReference; fileEncoding = 4; lastKnownFileType = sourcecode.c.h; path = STClient.h; sourceTree = "<group>"; };
		7161185B188850F2004DD5AB /* STClient.m */ = {isa = PBXFileReference; fileEncoding = 4; lastKnownFileType = sourcecode.c.objc; path = STClient.m; sourceTree = "<group>"; };
		71735CEC188DE9C2008CB90C /* STNSData+STExtensions.h */ = {isa = PBXFileReference; fileEncoding = 4; lastKnownFileType = sourcecode.c.h; path = "STNSData+STExtensions.h"; sourceTree = "<group>"; };
		71735CED188DE9C2008CB90C /* STNSData+STExtensions.m */ = {isa = PBXFileReference; fileEncoding = 4; lastKnownFileType = sourcecode.c.objc; path = "STNSData+STExtensions.m"; sourceTree = "<group>"; };
		71735CF1188E0013008CB90C /* STURLConnection.h */ = {isa = PBXFileReference; fileEncoding = 4; lastKnownFileType = sourcecode.c.h; path = STURLConnection.h; sourceTree = "<group>"; };
		71735CF2188E0013008CB90C /* STURLConnection.m */ = {isa = PBXFileReference; fileEncoding = 4; lastKnownFileType = sourcecode.c.objc; path = STURLConnection.m; sourceTree = "<group>"; };
		71CACC151889A97A005F107F /* STChangeInfo.h */ = {isa = PBXFileReference; fileEncoding = 4; lastKnownFileType = sourcecode.c.h; path = STChangeInfo.h; sourceTree = "<group>"; };
		71CACC161889A97A005F107F /* STChangeInfo.m */ = {isa = PBXFileReference; fileEncoding = 4; lastKnownFileType = sourcecode.c.objc; path = STChangeInfo.m; sourceTree = "<group>"; };
		71CACC191889AA6F005F107F /* STChangeInfoTest.m */ = {isa = PBXFileReference; fileEncoding = 4; lastKnownFileType = sourcecode.c.objc; path = STChangeInfoTest.m; sourceTree = "<group>"; };
		71DFCE55188993E4006604FD /* STResource.h */ = {isa = PBXFileReference; fileEncoding = 4; lastKnownFileType = sourcecode.c.h; path = STResource.h; sourceTree = "<group>"; };
		71DFCE56188993E4006604FD /* STResource.m */ = {isa = PBXFileReference; fileEncoding = 4; lastKnownFileType = sourcecode.c.objc; path = STResource.m; sourceTree = "<group>"; };
		71DFCE5918899559006604FD /* STResourceTest.m */ = {isa = PBXFileReference; fileEncoding = 4; lastKnownFileType = sourcecode.c.objc; path = STResourceTest.m; sourceTree = "<group>"; };
		9E7CF660D7CE4B0EAE490DE5 /* Pods-StretchrTests.xcconfig */ = {isa = PBXFileReference; includeInIndex = 1; lastKnownFileType = text.xcconfig; name = "Pods-StretchrTests.xcconfig"; path = "Pods/Pods-StretchrTests.xcconfig"; sourceTree = "<group>"; };
/* End PBXFileReference section */

/* Begin PBXFrameworksBuildPhase section */
		7161182618884E66004DD5AB /* Frameworks */ = {
			isa = PBXFrameworksBuildPhase;
			buildActionMask = 2147483647;
			files = (
				7161182E18884E66004DD5AB /* Cocoa.framework in Frameworks */,
				F3882DA29E7949E8894D121C /* libPods-Stretchr.a in Frameworks */,
			);
			runOnlyForDeploymentPostprocessing = 0;
		};
		7161183E18884E66004DD5AB /* Frameworks */ = {
			isa = PBXFrameworksBuildPhase;
			buildActionMask = 2147483647;
			files = (
				7161184718884E66004DD5AB /* Stretchr.framework in Frameworks */,
				7161184418884E66004DD5AB /* Cocoa.framework in Frameworks */,
				7161184318884E66004DD5AB /* XCTest.framework in Frameworks */,
				A1D37D0416AB4D059E434F9A /* libPods-StretchrTests.a in Frameworks */,
			);
			runOnlyForDeploymentPostprocessing = 0;
		};
/* End PBXFrameworksBuildPhase section */

/* Begin PBXGroup section */
		710C529A18886EF800EFDC88 /* Extensions */ = {
			isa = PBXGroup;
			children = (
				710C529F18886F2400EFDC88 /* STNSString+STExtensions.h */,
				710C52A018886F2400EFDC88 /* STNSString+STExtensions.m */,
				710C52A61888C15800EFDC88 /* STNSDictionary+STExtensions.h */,
				710C52A71888C15800EFDC88 /* STNSDictionary+STExtensions.m */,
				712B3E4D1889F15800D8AD30 /* STNSError+STExtensions.h */,
				712B3E4E1889F15800D8AD30 /* STNSError+STExtensions.m */,
				71735CEC188DE9C2008CB90C /* STNSData+STExtensions.h */,
				71735CED188DE9C2008CB90C /* STNSData+STExtensions.m */,
			);
			name = Extensions;
			sourceTree = "<group>";
		};
		710C52AA1888C16500EFDC88 /* Extensions */ = {
			isa = PBXGroup;
			children = (
				710C52AB1888C18900EFDC88 /* NSDictionary+STExtensionsTest.m */,
			);
			name = Extensions;
			sourceTree = "<group>";
		};
		710C52AD1888C8B600EFDC88 /* Test Objects */ = {
			isa = PBXGroup;
			children = (
				710C52A31888B4AC00EFDC88 /* TestObject.h */,
				710C52A41888B4AC00EFDC88 /* TestObject.m */,
				710C52AE1888C8D200EFDC88 /* STTestTransport.h */,
				710C52AF1888C8D200EFDC88 /* STTestTransport.m */,
			);
			name = "Test Objects";
			sourceTree = "<group>";
		};
		710C52B11888C99A00EFDC88 /* Extensions */ = {
			isa = PBXGroup;
			children = (
				710C52B21888C9A600EFDC88 /* NSMutableArray+Queue.h */,
				710C52B31888C9A600EFDC88 /* NSMutableArray+Queue.m */,
			);
			name = Extensions;
			sourceTree = "<group>";
		};
		7161182018884E66004DD5AB = {
			isa = PBXGroup;
			children = (
				7161183318884E66004DD5AB /* Stretchr */,
				7161184818884E66004DD5AB /* StretchrTests */,
				7161182C18884E66004DD5AB /* Frameworks */,
				7161182B18884E66004DD5AB /* Products */,
				10F9767320B44AE79EB0C60B /* Pods-Stretchr.xcconfig */,
				9E7CF660D7CE4B0EAE490DE5 /* Pods-StretchrTests.xcconfig */,
			);
			sourceTree = "<group>";
		};
		7161182B18884E66004DD5AB /* Products */ = {
			isa = PBXGroup;
			children = (
				7161182A18884E66004DD5AB /* Stretchr.framework */,
				7161184118884E66004DD5AB /* StretchrTests.xctest */,
			);
			name = Products;
			sourceTree = "<group>";
		};
		7161182C18884E66004DD5AB /* Frameworks */ = {
			isa = PBXGroup;
			children = (
				7161182D18884E66004DD5AB /* Cocoa.framework */,
				7161184218884E66004DD5AB /* XCTest.framework */,
				7161182F18884E66004DD5AB /* Other Frameworks */,
				42513373CEF94940B0C6EFA0 /* libPods-Stretchr.a */,
				4C1466D74A4645D891D9FC87 /* libPods-StretchrTests.a */,
			);
			name = Frameworks;
			sourceTree = "<group>";
		};
		7161182F18884E66004DD5AB /* Other Frameworks */ = {
			isa = PBXGroup;
			children = (
				7161183018884E66004DD5AB /* Foundation.framework */,
				7161183118884E66004DD5AB /* CoreData.framework */,
				7161183218884E66004DD5AB /* AppKit.framework */,
			);
			name = "Other Frameworks";
			sourceTree = "<group>";
		};
		7161183318884E66004DD5AB /* Stretchr */ = {
			isa = PBXGroup;
			children = (
				71735CF0188DFFEC008CB90C /* Support Classes */,
				710C529A18886EF800EFDC88 /* Extensions */,
				71CACC151889A97A005F107F /* STChangeInfo.h */,
				71CACC161889A97A005F107F /* STChangeInfo.m */,
				710C52861888539F00EFDC88 /* STConstants.h */,
				710C52871888539F00EFDC88 /* STConstants.m */,
				7161183A18884E66004DD5AB /* Stretchr.h */,
				7161183B18884E66004DD5AB /* Stretchr.m */,
				7161185A188850F2004DD5AB /* STClient.h */,
				7161185B188850F2004DD5AB /* STClient.m */,
				710C529118885A7600EFDC88 /* STTransportProtocol.h */,
				710C528B188857F100EFDC88 /* STRequest.h */,
				710C528C188857F100EFDC88 /* STRequest.m */,
				710C529218885B6700EFDC88 /* STResponse.h */,
				710C529318885B6700EFDC88 /* STResponse.m */,
				710C529618885C4E00EFDC88 /* STWebTransport.h */,
				710C529718885C4E00EFDC88 /* STWebTransport.m */,
				71DFCE55188993E4006604FD /* STResource.h */,
				71DFCE56188993E4006604FD /* STResource.m */,
				05FBBE6C188C63BB00B53E63 /* STResourceCollection.h */,
				05FBBE6D188C63BB00B53E63 /* STResourceCollection.m */,
				7161183418884E66004DD5AB /* Supporting Files */,
			);
			path = Stretchr;
			sourceTree = "<group>";
		};
		7161183418884E66004DD5AB /* Supporting Files */ = {
			isa = PBXGroup;
			children = (
				7161183518884E66004DD5AB /* Stretchr-Info.plist */,
				7161183618884E66004DD5AB /* InfoPlist.strings */,
				7161183918884E66004DD5AB /* Stretchr-Prefix.pch */,
			);
			name = "Supporting Files";
			sourceTree = "<group>";
		};
		7161184818884E66004DD5AB /* StretchrTests */ = {
			isa = PBXGroup;
			children = (
				710C52B11888C99A00EFDC88 /* Extensions */,
				710C52AD1888C8B600EFDC88 /* Test Objects */,
				710C52AA1888C16500EFDC88 /* Extensions */,
				7161184918884E66004DD5AB /* Supporting Files */,
				716118581888504B004DD5AB /* STClientTest.m */,
				710C528F1888582200EFDC88 /* STRequestTest.m */,
				059F189B1888D24C003D823D /* STResponseTest.m */,
				71DFCE5918899559006604FD /* STResourceTest.m */,
				71CACC191889AA6F005F107F /* STChangeInfoTest.m */,
				05FBBE70188C665100B53E63 /* STResourceCollectionTest.m */,
				0509D78F188C9BCD00CFE982 /* STWebTransportTest.m */,
				056A39DE1890BF01001473B7 /* STErrors.m */,
			);
			path = StretchrTests;
			sourceTree = "<group>";
		};
		7161184918884E66004DD5AB /* Supporting Files */ = {
			isa = PBXGroup;
			children = (
				7161184A18884E66004DD5AB /* StretchrTests-Info.plist */,
				7161184B18884E66004DD5AB /* InfoPlist.strings */,
			);
			name = "Supporting Files";
			sourceTree = "<group>";
		};
		71735CF0188DFFEC008CB90C /* Support Classes */ = {
			isa = PBXGroup;
			children = (
				056A39DB189077D0001473B7 /* STErrors.h */,
				056A39DC18907BE0001473B7 /* STErrors.m */,
				71735CF1188E0013008CB90C /* STURLConnection.h */,
				71735CF2188E0013008CB90C /* STURLConnection.m */,
			);
			name = "Support Classes";
			sourceTree = "<group>";
		};
/* End PBXGroup section */

/* Begin PBXHeadersBuildPhase section */
		7161182718884E66004DD5AB /* Headers */ = {
			isa = PBXHeadersBuildPhase;
			buildActionMask = 2147483647;
			files = (
				710C529418885B6700EFDC88 /* STResponse.h in Headers */,
				712B3E4F1889F15800D8AD30 /* STNSError+STExtensions.h in Headers */,
				71DFCE57188993E4006604FD /* STResource.h in Headers */,
				7161185C188850F2004DD5AB /* STClient.h in Headers */,
				71735CEE188DE9C2008CB90C /* STNSData+STExtensions.h in Headers */,
				710C528D188857F100EFDC88 /* STRequest.h in Headers */,
				710C52A81888C15800EFDC88 /* STNSDictionary+STExtensions.h in Headers */,
				710C529818885C4E00EFDC88 /* STWebTransport.h in Headers */,
				05FBBE6E188C63BB00B53E63 /* STResourceCollection.h in Headers */,
				71CACC171889A97A005F107F /* STChangeInfo.h in Headers */,
				710C52881888539F00EFDC88 /* STConstants.h in Headers */,
				710C52A118886F2400EFDC88 /* STNSString+STExtensions.h in Headers */,
				71735CF3188E0013008CB90C /* STURLConnection.h in Headers */,
			);
			runOnlyForDeploymentPostprocessing = 0;
		};
/* End PBXHeadersBuildPhase section */

/* Begin PBXNativeTarget section */
		7161182918884E66004DD5AB /* Stretchr */ = {
			isa = PBXNativeTarget;
			buildConfigurationList = 7161185218884E66004DD5AB /* Build configuration list for PBXNativeTarget "Stretchr" */;
			buildPhases = (
				4A14B28D5BD14666935146BA /* Check Pods Manifest.lock */,
				7161182518884E66004DD5AB /* Sources */,
				7161182618884E66004DD5AB /* Frameworks */,
				7161182718884E66004DD5AB /* Headers */,
				7161182818884E66004DD5AB /* Resources */,
				D9B19979F3864580A0C6D8CE /* Copy Pods Resources */,
			);
			buildRules = (
			);
			dependencies = (
			);
			name = Stretchr;
			productName = Stretchr;
			productReference = 7161182A18884E66004DD5AB /* Stretchr.framework */;
			productType = "com.apple.product-type.framework";
		};
		7161184018884E66004DD5AB /* StretchrTests */ = {
			isa = PBXNativeTarget;
			buildConfigurationList = 7161185518884E66004DD5AB /* Build configuration list for PBXNativeTarget "StretchrTests" */;
			buildPhases = (
				D05599E4EE3B49FF902EEE4A /* Check Pods Manifest.lock */,
				7161183D18884E66004DD5AB /* Sources */,
				7161183E18884E66004DD5AB /* Frameworks */,
				7161183F18884E66004DD5AB /* Resources */,
				90C1B2FA4E964FD4AD43BA39 /* Copy Pods Resources */,
			);
			buildRules = (
			);
			dependencies = (
				7161184618884E66004DD5AB /* PBXTargetDependency */,
			);
			name = StretchrTests;
			productName = StretchrTests;
			productReference = 7161184118884E66004DD5AB /* StretchrTests.xctest */;
			productType = "com.apple.product-type.bundle.unit-test";
		};
/* End PBXNativeTarget section */

/* Begin PBXProject section */
		7161182118884E66004DD5AB /* Project object */ = {
			isa = PBXProject;
			attributes = {
				LastUpgradeCheck = 0500;
				ORGANIZATIONNAME = "Stretchr, Inc";
				TargetAttributes = {
					7161184018884E66004DD5AB = {
						TestTargetID = 7161182918884E66004DD5AB;
					};
				};
			};
			buildConfigurationList = 7161182418884E66004DD5AB /* Build configuration list for PBXProject "Stretchr" */;
			compatibilityVersion = "Xcode 3.2";
			developmentRegion = English;
			hasScannedForEncodings = 0;
			knownRegions = (
				en,
			);
			mainGroup = 7161182018884E66004DD5AB;
			productRefGroup = 7161182B18884E66004DD5AB /* Products */;
			projectDirPath = "";
			projectRoot = "";
			targets = (
				7161182918884E66004DD5AB /* Stretchr */,
				7161184018884E66004DD5AB /* StretchrTests */,
			);
		};
/* End PBXProject section */

/* Begin PBXResourcesBuildPhase section */
		7161182818884E66004DD5AB /* Resources */ = {
			isa = PBXResourcesBuildPhase;
			buildActionMask = 2147483647;
			files = (
				7161183818884E66004DD5AB /* InfoPlist.strings in Resources */,
			);
			runOnlyForDeploymentPostprocessing = 0;
		};
		7161183F18884E66004DD5AB /* Resources */ = {
			isa = PBXResourcesBuildPhase;
			buildActionMask = 2147483647;
			files = (
				7161184D18884E66004DD5AB /* InfoPlist.strings in Resources */,
			);
			runOnlyForDeploymentPostprocessing = 0;
		};
/* End PBXResourcesBuildPhase section */

/* Begin PBXShellScriptBuildPhase section */
		4A14B28D5BD14666935146BA /* Check Pods Manifest.lock */ = {
			isa = PBXShellScriptBuildPhase;
			buildActionMask = 2147483647;
			files = (
			);
			inputPaths = (
			);
			name = "Check Pods Manifest.lock";
			outputPaths = (
			);
			runOnlyForDeploymentPostprocessing = 0;
			shellPath = /bin/sh;
			shellScript = "diff \"${PODS_ROOT}/../Podfile.lock\" \"${PODS_ROOT}/Manifest.lock\" > /dev/null\nif [[ $? != 0 ]] ; then\n    cat << EOM\nerror: The sandbox is not in sync with the Podfile.lock. Run 'pod install' or update your CocoaPods installation.\nEOM\n    exit 1\nfi\n";
			showEnvVarsInLog = 0;
		};
		90C1B2FA4E964FD4AD43BA39 /* Copy Pods Resources */ = {
			isa = PBXShellScriptBuildPhase;
			buildActionMask = 2147483647;
			files = (
			);
			inputPaths = (
			);
			name = "Copy Pods Resources";
			outputPaths = (
			);
			runOnlyForDeploymentPostprocessing = 0;
			shellPath = /bin/sh;
			shellScript = "\"${SRCROOT}/Pods/Pods-StretchrTests-resources.sh\"\n";
			showEnvVarsInLog = 0;
		};
		D05599E4EE3B49FF902EEE4A /* Check Pods Manifest.lock */ = {
			isa = PBXShellScriptBuildPhase;
			buildActionMask = 2147483647;
			files = (
			);
			inputPaths = (
			);
			name = "Check Pods Manifest.lock";
			outputPaths = (
			);
			runOnlyForDeploymentPostprocessing = 0;
			shellPath = /bin/sh;
			shellScript = "diff \"${PODS_ROOT}/../Podfile.lock\" \"${PODS_ROOT}/Manifest.lock\" > /dev/null\nif [[ $? != 0 ]] ; then\n    cat << EOM\nerror: The sandbox is not in sync with the Podfile.lock. Run 'pod install' or update your CocoaPods installation.\nEOM\n    exit 1\nfi\n";
			showEnvVarsInLog = 0;
		};
		D9B19979F3864580A0C6D8CE /* Copy Pods Resources */ = {
			isa = PBXShellScriptBuildPhase;
			buildActionMask = 2147483647;
			files = (
			);
			inputPaths = (
			);
			name = "Copy Pods Resources";
			outputPaths = (
			);
			runOnlyForDeploymentPostprocessing = 0;
			shellPath = /bin/sh;
			shellScript = "\"${SRCROOT}/Pods/Pods-Stretchr-resources.sh\"\n";
			showEnvVarsInLog = 0;
		};
/* End PBXShellScriptBuildPhase section */

/* Begin PBXSourcesBuildPhase section */
		7161182518884E66004DD5AB /* Sources */ = {
			isa = PBXSourcesBuildPhase;
			buildActionMask = 2147483647;
			files = (
				710C529518885B6700EFDC88 /* STResponse.m in Sources */,
				712B3E501889F15800D8AD30 /* STNSError+STExtensions.m in Sources */,
				71DFCE58188993E4006604FD /* STResource.m in Sources */,
				056A39DD18907BE0001473B7 /* STErrors.m in Sources */,
				7161183C18884E66004DD5AB /* Stretchr.m in Sources */,
				7161185D188850F2004DD5AB /* STClient.m in Sources */,
				71735CF4188E0013008CB90C /* STURLConnection.m in Sources */,
				71735CEF188DE9C2008CB90C /* STNSData+STExtensions.m in Sources */,
				710C529918885C4E00EFDC88 /* STWebTransport.m in Sources */,
				710C528E188857F100EFDC88 /* STRequest.m in Sources */,
				71CACC181889A97A005F107F /* STChangeInfo.m in Sources */,
				05FBBE6F188C63BB00B53E63 /* STResourceCollection.m in Sources */,
				710C52A218886F2400EFDC88 /* STNSString+STExtensions.m in Sources */,
				710C52891888539F00EFDC88 /* STConstants.m in Sources */,
				710C52A91888C15800EFDC88 /* STNSDictionary+STExtensions.m in Sources */,
			);
			runOnlyForDeploymentPostprocessing = 0;
		};
		7161183D18884E66004DD5AB /* Sources */ = {
			isa = PBXSourcesBuildPhase;
			buildActionMask = 2147483647;
			files = (
				05FBBE71188C665100B53E63 /* STResourceCollectionTest.m in Sources */,
				710C52901888582200EFDC88 /* STRequestTest.m in Sources */,
				059F189C1888D24C003D823D /* STResponseTest.m in Sources */,
				71DFCE5A18899559006604FD /* STResourceTest.m in Sources */,
				710C52A51888B4AC00EFDC88 /* TestObject.m in Sources */,
				056A39DF1890BF01001473B7 /* STErrors.m in Sources */,
				71CACC1A1889AA6F005F107F /* STChangeInfoTest.m in Sources */,
				716118591888504B004DD5AB /* STClientTest.m in Sources */,
				0509D790188C9BCD00CFE982 /* STWebTransportTest.m in Sources */,
				710C52B01888C8D200EFDC88 /* STTestTransport.m in Sources */,
				710C52AC1888C18900EFDC88 /* NSDictionary+STExtensionsTest.m in Sources */,
				710C52B41888C9A600EFDC88 /* NSMutableArray+Queue.m in Sources */,
			);
			runOnlyForDeploymentPostprocessing = 0;
		};
/* End PBXSourcesBuildPhase section */

/* Begin PBXTargetDependency section */
		7161184618884E66004DD5AB /* PBXTargetDependency */ = {
			isa = PBXTargetDependency;
			target = 7161182918884E66004DD5AB /* Stretchr */;
			targetProxy = 7161184518884E66004DD5AB /* PBXContainerItemProxy */;
		};
/* End PBXTargetDependency section */

/* Begin PBXVariantGroup section */
		7161183618884E66004DD5AB /* InfoPlist.strings */ = {
			isa = PBXVariantGroup;
			children = (
				7161183718884E66004DD5AB /* en */,
			);
			name = InfoPlist.strings;
			sourceTree = "<group>";
		};
		7161184B18884E66004DD5AB /* InfoPlist.strings */ = {
			isa = PBXVariantGroup;
			children = (
				7161184C18884E66004DD5AB /* en */,
			);
			name = InfoPlist.strings;
			sourceTree = "<group>";
		};
/* End PBXVariantGroup section */

/* Begin XCBuildConfiguration section */
		7161185018884E66004DD5AB /* Debug */ = {
			isa = XCBuildConfiguration;
			buildSettings = {
				ALWAYS_SEARCH_USER_PATHS = NO;
				CLANG_CXX_LANGUAGE_STANDARD = "gnu++0x";
				CLANG_CXX_LIBRARY = "libc++";
				CLANG_ENABLE_OBJC_ARC = YES;
				CLANG_WARN_BOOL_CONVERSION = YES;
				CLANG_WARN_CONSTANT_CONVERSION = YES;
				CLANG_WARN_DIRECT_OBJC_ISA_USAGE = YES_ERROR;
				CLANG_WARN_EMPTY_BODY = YES;
				CLANG_WARN_ENUM_CONVERSION = YES;
				CLANG_WARN_INT_CONVERSION = YES;
				CLANG_WARN_OBJC_ROOT_CLASS = YES_ERROR;
				CLANG_WARN__DUPLICATE_METHOD_MATCH = YES;
				COPY_PHASE_STRIP = NO;
				GCC_C_LANGUAGE_STANDARD = gnu99;
				GCC_DYNAMIC_NO_PIC = NO;
				GCC_ENABLE_OBJC_EXCEPTIONS = YES;
				GCC_OPTIMIZATION_LEVEL = 0;
				GCC_PREPROCESSOR_DEFINITIONS = (
					"DEBUG=1",
					"$(inherited)",
				);
				GCC_SYMBOLS_PRIVATE_EXTERN = NO;
				GCC_WARN_64_TO_32_BIT_CONVERSION = YES;
				GCC_WARN_ABOUT_RETURN_TYPE = YES_ERROR;
				GCC_WARN_UNDECLARED_SELECTOR = YES;
				GCC_WARN_UNINITIALIZED_AUTOS = YES;
				GCC_WARN_UNUSED_FUNCTION = YES;
				GCC_WARN_UNUSED_VARIABLE = YES;
				MACOSX_DEPLOYMENT_TARGET = 10.9;
				ONLY_ACTIVE_ARCH = YES;
				SDKROOT = macosx;
			};
			name = Debug;
		};
		7161185118884E66004DD5AB /* Release */ = {
			isa = XCBuildConfiguration;
			buildSettings = {
				ALWAYS_SEARCH_USER_PATHS = NO;
				CLANG_CXX_LANGUAGE_STANDARD = "gnu++0x";
				CLANG_CXX_LIBRARY = "libc++";
				CLANG_ENABLE_OBJC_ARC = YES;
				CLANG_WARN_BOOL_CONVERSION = YES;
				CLANG_WARN_CONSTANT_CONVERSION = YES;
				CLANG_WARN_DIRECT_OBJC_ISA_USAGE = YES_ERROR;
				CLANG_WARN_EMPTY_BODY = YES;
				CLANG_WARN_ENUM_CONVERSION = YES;
				CLANG_WARN_INT_CONVERSION = YES;
				CLANG_WARN_OBJC_ROOT_CLASS = YES_ERROR;
				CLANG_WARN__DUPLICATE_METHOD_MATCH = YES;
				COPY_PHASE_STRIP = YES;
				DEBUG_INFORMATION_FORMAT = "dwarf-with-dsym";
				ENABLE_NS_ASSERTIONS = NO;
				GCC_C_LANGUAGE_STANDARD = gnu99;
				GCC_ENABLE_OBJC_EXCEPTIONS = YES;
				GCC_WARN_64_TO_32_BIT_CONVERSION = YES;
				GCC_WARN_ABOUT_RETURN_TYPE = YES_ERROR;
				GCC_WARN_UNDECLARED_SELECTOR = YES;
				GCC_WARN_UNINITIALIZED_AUTOS = YES;
				GCC_WARN_UNUSED_FUNCTION = YES;
				GCC_WARN_UNUSED_VARIABLE = YES;
				MACOSX_DEPLOYMENT_TARGET = 10.9;
				SDKROOT = macosx;
			};
			name = Release;
		};
		7161185318884E66004DD5AB /* Debug */ = {
			isa = XCBuildConfiguration;
			baseConfigurationReference = 10F9767320B44AE79EB0C60B /* Pods-Stretchr.xcconfig */;
			buildSettings = {
				COMBINE_HIDPI_IMAGES = YES;
				DYLIB_COMPATIBILITY_VERSION = 1;
				DYLIB_CURRENT_VERSION = 1;
				FRAMEWORK_VERSION = A;
				GCC_PRECOMPILE_PREFIX_HEADER = YES;
				GCC_PREFIX_HEADER = "Stretchr/Stretchr-Prefix.pch";
				INFOPLIST_FILE = "Stretchr/Stretchr-Info.plist";
				PRODUCT_NAME = "$(TARGET_NAME)";
				WRAPPER_EXTENSION = framework;
			};
			name = Debug;
		};
		7161185418884E66004DD5AB /* Release */ = {
			isa = XCBuildConfiguration;
			baseConfigurationReference = 10F9767320B44AE79EB0C60B /* Pods-Stretchr.xcconfig */;
			buildSettings = {
				COMBINE_HIDPI_IMAGES = YES;
				DYLIB_COMPATIBILITY_VERSION = 1;
				DYLIB_CURRENT_VERSION = 1;
				FRAMEWORK_VERSION = A;
				GCC_PRECOMPILE_PREFIX_HEADER = YES;
				GCC_PREFIX_HEADER = "Stretchr/Stretchr-Prefix.pch";
				INFOPLIST_FILE = "Stretchr/Stretchr-Info.plist";
				PRODUCT_NAME = "$(TARGET_NAME)";
				WRAPPER_EXTENSION = framework;
			};
			name = Release;
		};
		7161185618884E66004DD5AB /* Debug */ = {
			isa = XCBuildConfiguration;
			baseConfigurationReference = 9E7CF660D7CE4B0EAE490DE5 /* Pods-StretchrTests.xcconfig */;
			buildSettings = {
				BUNDLE_LOADER = "$(BUILT_PRODUCTS_DIR)/Stretchr.framework/Versions/A/Stretchr";
				COMBINE_HIDPI_IMAGES = YES;
				FRAMEWORK_SEARCH_PATHS = (
					"$(DEVELOPER_FRAMEWORKS_DIR)",
					"$(inherited)",
				);
				GCC_PRECOMPILE_PREFIX_HEADER = YES;
				GCC_PREFIX_HEADER = "Stretchr/Stretchr-Prefix.pch";
				GCC_PREPROCESSOR_DEFINITIONS = (
					"DEBUG=1",
					"$(inherited)",
				);
				INFOPLIST_FILE = "StretchrTests/StretchrTests-Info.plist";
				PRODUCT_NAME = "$(TARGET_NAME)";
				TEST_HOST = "$(BUNDLE_LOADER)";
				WRAPPER_EXTENSION = xctest;
			};
			name = Debug;
		};
		7161185718884E66004DD5AB /* Release */ = {
			isa = XCBuildConfiguration;
			baseConfigurationReference = 9E7CF660D7CE4B0EAE490DE5 /* Pods-StretchrTests.xcconfig */;
			buildSettings = {
				BUNDLE_LOADER = "$(BUILT_PRODUCTS_DIR)/Stretchr.framework/Versions/A/Stretchr";
				COMBINE_HIDPI_IMAGES = YES;
				FRAMEWORK_SEARCH_PATHS = (
					"$(DEVELOPER_FRAMEWORKS_DIR)",
					"$(inherited)",
				);
				GCC_PRECOMPILE_PREFIX_HEADER = YES;
				GCC_PREFIX_HEADER = "Stretchr/Stretchr-Prefix.pch";
				INFOPLIST_FILE = "StretchrTests/StretchrTests-Info.plist";
				PRODUCT_NAME = "$(TARGET_NAME)";
				TEST_HOST = "$(BUNDLE_LOADER)";
				WRAPPER_EXTENSION = xctest;
			};
			name = Release;
		};
/* End XCBuildConfiguration section */

/* Begin XCConfigurationList section */
		7161182418884E66004DD5AB /* Build configuration list for PBXProject "Stretchr" */ = {
			isa = XCConfigurationList;
			buildConfigurations = (
				7161185018884E66004DD5AB /* Debug */,
				7161185118884E66004DD5AB /* Release */,
			);
			defaultConfigurationIsVisible = 0;
			defaultConfigurationName = Release;
		};
		7161185218884E66004DD5AB /* Build configuration list for PBXNativeTarget "Stretchr" */ = {
			isa = XCConfigurationList;
			buildConfigurations = (
				7161185318884E66004DD5AB /* Debug */,
				7161185418884E66004DD5AB /* Release */,
			);
			defaultConfigurationIsVisible = 0;
			defaultConfigurationName = Release;
		};
		7161185518884E66004DD5AB /* Build configuration list for PBXNativeTarget "StretchrTests" */ = {
			isa = XCConfigurationList;
			buildConfigurations = (
				7161185618884E66004DD5AB /* Debug */,
				7161185718884E66004DD5AB /* Release */,
			);
			defaultConfigurationIsVisible = 0;
			defaultConfigurationName = Release;
		};
/* End XCConfigurationList section */
	};
	rootObject = 7161182118884E66004DD5AB /* Project object */;
}
